
Microsoft Visual Studio Solution File, Format Version 12.00
# Visual Studio Version 16
VisualStudioVersion = 16.0.31019.35
MinimumVisualStudioVersion = 10.0.40219.1
Project("{FAE04EC0-301F-11D3-BF4B-00C04F79EFBC}") = "ASP.NET_HW02", "ASP.NET_HW02\ASP.NET_HW02.csproj", "{A484790F-6B7F-4515-96AF-12F924D7719B}"
EndProject
Global
	GlobalSection(SolutionConfigurationPlatforms) = preSolution
		Debug|Any CPU = Debug|Any CPU
		Release|Any CPU = Release|Any CPU
	EndGlobalSection
	GlobalSection(ProjectConfigurationPlatforms) = postSolution
		{A484790F-6B7F-4515-96AF-12F924D7719B}.Debug|Any CPU.ActiveCfg = Debug|Any CPU
		{A484790F-6B7F-4515-96AF-12F924D7719B}.Debug|Any CPU.Build.0 = Debug|Any CPU
		{A484790F-6B7F-4515-96AF-12F924D7719B}.Release|Any CPU.ActiveCfg = Release|Any CPU
		{A484790F-6B7F-4515-96AF-12F924D7719B}.Release|Any CPU.Build.0 = Release|Any CPU
	EndGlobalSection
	GlobalSection(SolutionProperties) = preSolution
		HideSolutionNode = FALSE
	EndGlobalSection
	GlobalSection(ExtensibilityGlobals) = postSolution
		SolutionGuid = {9A144073-3C80-4DF6-A7E5-9E1936E7775C}
	EndGlobalSection
EndGlobal
